{
  "name": "ngx-lighthouse-viewer",
  "version": "0.0.1",
  "lockfileVersion": 1,
  "requires": true,
  "dependencies": {
    "lighthouse-viewer": {
      "version": "0.1.19",
      "resolved": "http://192.168.2.214:4873/lighthouse-viewer/-/lighthouse-viewer-0.1.19.tgz",
      "integrity": "sha512-Kq6B2UDf0SUEz2I/ZLyZz93exe08aJhrcYqNsuSJgYm6jko7B2PvE6k/2hHeumMTVechebelHzK21WHaKRoaPw=="
    },
    "tslib": {
      "version": "2.3.1",
      "resolved": "http://192.168.2.214:4873/tslib/-/tslib-2.3.1.tgz",
      "integrity": "sha512-77EbyPPpMz+FRFRuAFlWMtmgUWGe9UOG2Z25NqCwiIjRhOf5iKGuzSe5P2w1laq+FkRy4p+PCuVkJSGkzTEKVw=="
    }
  }
}
