{
	"name": "svelte-lighthouse-viewer",
	"version": "0.1.22",
	"lockfileVersion": 1,
	"requires": true,
	"dependencies": {
		"@types/node": {
			"version": "15.0.1",
			"resolved": "https://registry.npmjs.org/@types/node/-/node-15.0.1.tgz",
			"integrity": "sha512-TMkXt0Ck1y0KKsGr9gJtWGjttxlZnnvDtphxUOSd0bfaR6Q1jle+sPvrzNR1urqYTWMinoKvjKfXUGsumaO1PA==",
			"dev": true
		},
		"@types/pug": {
			"version": "2.0.4",
			"resolved": "https://registry.npmjs.org/@types/pug/-/pug-2.0.4.tgz",
			"integrity": "sha1-h3L80EGOPNLMFxVV1zAHQVBR9LI=",
			"dev": true
		},
		"@types/sass": {
			"version": "1.16.0",
			"resolved": "https://registry.npmjs.org/@types/sass/-/sass-1.16.0.tgz",
			"integrity": "sha512-2XZovu4NwcqmtZtsBR5XYLw18T8cBCnU2USFHTnYLLHz9fkhnoEMoDsqShJIOFsFhn5aJHjweiUUdTrDGujegA==",
			"dev": true,
			"requires": {
				"@types/node": "*"
			}
		},
		"detect-indent": {
			"version": "6.0.0",
			"resolved": "https://registry.npmjs.org/detect-indent/-/detect-indent-6.0.0.tgz",
			"integrity": "sha512-oSyFlqaTHCItVRGK5RmrmjB+CmaMOW7IaNA/kdxqhoa6d17j/5ce9O9eWXmV/KEdRwqpQA+Vqe8a8Bsybu4YnA==",
			"dev": true
		},
		"lighthouse-viewer": {
			"version": "0.1.11",
			"resolved": "https://registry.npmjs.org/lighthouse-viewer/-/lighthouse-viewer-0.1.11.tgz",
			"integrity": "sha512-Oxkl/qOExk9tDdgwln0a/K8IwKBlvhBbghp2U4aSkcUIijyZ+ErY3M1uvA7KB1m/Wv6I9QAZokXep60Q5NS3RA=="
		},
		"min-indent": {
			"version": "1.0.1",
			"resolved": "https://registry.npmjs.org/min-indent/-/min-indent-1.0.1.tgz",
			"integrity": "sha512-I9jwMn07Sy/IwOj3zVkVik2JTvgpaykDZEigL6Rx6N9LbMywwUSMtxET+7lVoDLLd3O3IXwJwvuuns8UB/HeAg==",
			"dev": true
		},
		"strip-indent": {
			"version": "3.0.0",
			"resolved": "https://registry.npmjs.org/strip-indent/-/strip-indent-3.0.0.tgz",
			"integrity": "sha512-laJTa3Jb+VQpaC6DseHhF7dXVqHTfJPCRDaEbid/drOhgitgYku/letMUqOXFoWV0zIIUbjpdH2t+tYj4bQMRQ==",
			"dev": true,
			"requires": {
				"min-indent": "^1.0.0"
			}
		},
		"svelte": {
			"version": "3.38.2",
			"resolved": "https://registry.npmjs.org/svelte/-/svelte-3.38.2.tgz",
			"integrity": "sha512-q5Dq0/QHh4BLJyEVWGe7Cej5NWs040LWjMbicBGZ+3qpFWJ1YObRmUDZKbbovddLC9WW7THTj3kYbTOFmU9fbg==",
			"dev": true
		},
		"svelte-preprocess": {
			"version": "4.7.3",
			"resolved": "https://registry.npmjs.org/svelte-preprocess/-/svelte-preprocess-4.7.3.tgz",
			"integrity": "sha512-Zx1/xLeGOIBlZMGPRCaXtlMe4ZA0faato5Dc3CosEqwu75MIEPuOstdkH6cy+RYTUYynoxzNaDxkPX4DbrPwRA==",
			"dev": true,
			"requires": {
				"@types/pug": "^2.0.4",
				"@types/sass": "^1.16.0",
				"detect-indent": "^6.0.0",
				"strip-indent": "^3.0.0"
			}
		}
	}
}
