{
	"name": "svelte-lighthouse-viewer",
	"version": "0.1.10",
	"lockfileVersion": 1,
	"requires": true,
	"dependencies": {
		"@types/node": {
			"version": "14.14.37",
			"resolved": "https://registry.npmjs.org/@types/node/-/node-14.14.37.tgz",
			"integrity": "sha512-XYmBiy+ohOR4Lh5jE379fV2IU+6Jn4g5qASinhitfyO71b/sCo6MKsMLF5tc7Zf2CE8hViVQyYSobJNke8OvUw==",
			"dev": true
		},
		"@types/pug": {
			"version": "2.0.4",
			"resolved": "https://registry.npmjs.org/@types/pug/-/pug-2.0.4.tgz",
			"integrity": "sha1-h3L80EGOPNLMFxVV1zAHQVBR9LI=",
			"dev": true
		},
		"@types/sass": {
			"version": "1.16.0",
			"resolved": "https://registry.npmjs.org/@types/sass/-/sass-1.16.0.tgz",
			"integrity": "sha512-2XZovu4NwcqmtZtsBR5XYLw18T8cBCnU2USFHTnYLLHz9fkhnoEMoDsqShJIOFsFhn5aJHjweiUUdTrDGujegA==",
			"dev": true,
			"requires": {
				"@types/node": "*"
			}
		},
		"detect-indent": {
			"version": "6.0.0",
			"resolved": "https://registry.npmjs.org/detect-indent/-/detect-indent-6.0.0.tgz",
			"integrity": "sha512-oSyFlqaTHCItVRGK5RmrmjB+CmaMOW7IaNA/kdxqhoa6d17j/5ce9O9eWXmV/KEdRwqpQA+Vqe8a8Bsybu4YnA==",
			"dev": true
		},
		"lighthouse-viewer": {
			"version": "0.1.5",
			"resolved": "https://registry.npmjs.org/lighthouse-viewer/-/lighthouse-viewer-0.1.5.tgz",
			"integrity": "sha512-h4821YF7Ien/4zUDJd2LskYwRZjA4xUtGQDLi16LvOFsZlrCJzo9vyA+p8PbJU/6R9h1r3HryJLJ4jP0eTJcJA=="
		},
		"min-indent": {
			"version": "1.0.1",
			"resolved": "https://registry.npmjs.org/min-indent/-/min-indent-1.0.1.tgz",
			"integrity": "sha512-I9jwMn07Sy/IwOj3zVkVik2JTvgpaykDZEigL6Rx6N9LbMywwUSMtxET+7lVoDLLd3O3IXwJwvuuns8UB/HeAg==",
			"dev": true
		},
		"strip-indent": {
			"version": "3.0.0",
			"resolved": "https://registry.npmjs.org/strip-indent/-/strip-indent-3.0.0.tgz",
			"integrity": "sha512-laJTa3Jb+VQpaC6DseHhF7dXVqHTfJPCRDaEbid/drOhgitgYku/letMUqOXFoWV0zIIUbjpdH2t+tYj4bQMRQ==",
			"dev": true,
			"requires": {
				"min-indent": "^1.0.0"
			}
		},
		"svelte": {
			"version": "3.35.0",
			"resolved": "https://registry.npmjs.org/svelte/-/svelte-3.35.0.tgz",
			"integrity": "sha512-gknlZkR2sXheu/X+B7dDImwANVvK1R0QGQLd8CNIfxxGPeXBmePnxfzb6fWwTQRsYQG7lYkZXvpXJvxvpsoB7g==",
			"dev": true
		},
		"svelte-preprocess": {
			"version": "4.7.0",
			"resolved": "https://registry.npmjs.org/svelte-preprocess/-/svelte-preprocess-4.7.0.tgz",
			"integrity": "sha512-iNrY4YGqi0LD2e6oT9YbdSzOKntxk8gmzfqso1z/lUJOZh4o6fyIqkirmiZ8/dDJFqtIE1spVgDFWgkfhLEYlw==",
			"dev": true,
			"requires": {
				"@types/pug": "^2.0.4",
				"@types/sass": "^1.16.0",
				"detect-indent": "^6.0.0",
				"strip-indent": "^3.0.0"
			}
		}
	}
}
