{
  "name": "demo",
  "version": "1.0.0",
  "lockfileVersion": 1,
  "requires": true,
  "dependencies": {
    "vue": {
      "version": "2.6.11",
      "resolved": "https://registry.npmjs.org/vue/-/vue-2.6.11.tgz",
      "integrity": "sha512-VfPwgcGABbGAue9+sfrD4PuwFar7gPb1yl1UK1MwXoQPAw0BKSqWfoYCT/ThFrdEVWoI51dBuyCoiNU9bZDZxQ=="
    },
    "vue-lighthouse-viewer": {
      "version": "0.0.7",
      "resolved": "https://registry.npmjs.org/vue-lighthouse-viewer/-/vue-lighthouse-viewer-0.0.7.tgz",
      "integrity": "sha512-F4KLUto7gnRyzfwAgyIclgN/7AR/4tjQiqSi5n09hVAeg1y9wrBHhhGAM0mmvvUp2ykf4eVG/5dmUYJa9J4KMA==",
      "requires": {
        "vue": "^2.6.11"
      }
    }
  }
}
