{
	"name": "vue-lighthouse-viewer",
	"version": "0.1.19",
	"lockfileVersion": 1,
	"requires": true,
	"dependencies": {
		"@vue/component-compiler-utils": {
			"version": "3.3.0",
			"resolved": "https://registry.npmjs.org/@vue/component-compiler-utils/-/component-compiler-utils-3.3.0.tgz",
			"integrity": "sha512-97sfH2mYNU+2PzGrmK2haqffDpVASuib9/w2/noxiFi31Z54hW+q3izKQXXQZSNhtiUpAI36uSuYepeBe4wpHQ==",
			"dev": true,
			"requires": {
				"consolidate": "^0.15.1",
				"hash-sum": "^1.0.2",
				"lru-cache": "^4.1.2",
				"merge-source-map": "^1.1.0",
				"postcss": "^7.0.36",
				"postcss-selector-parser": "^6.0.2",
				"prettier": "^1.18.2 || ^2.0.0",
				"source-map": "~0.6.1",
				"vue-template-es2015-compiler": "^1.9.0"
			}
		},
		"bluebird": {
			"version": "3.7.2",
			"resolved": "https://registry.npmjs.org/bluebird/-/bluebird-3.7.2.tgz",
			"integrity": "sha512-XpNj6GDQzdfW+r2Wnn7xiSAd7TM3jzkxGXBGTtWKuSXv1xUV+azxAm8jdWZN06QTQk+2N2XB9jRDkvbmQmcRtg==",
			"dev": true
		},
		"consolidate": {
			"version": "0.15.1",
			"resolved": "https://registry.npmjs.org/consolidate/-/consolidate-0.15.1.tgz",
			"integrity": "sha512-DW46nrsMJgy9kqAbPt5rKaCr7uFtpo4mSUvLHIUbJEjm0vo+aY5QLwBUq3FK4tRnJr/X0Psc0C4jf/h+HtXSMw==",
			"dev": true,
			"requires": {
				"bluebird": "^3.1.1"
			}
		},
		"cssesc": {
			"version": "3.0.0",
			"resolved": "https://registry.npmjs.org/cssesc/-/cssesc-3.0.0.tgz",
			"integrity": "sha512-/Tb/JcjK111nNScGob5MNtsntNM1aCNUDipB/TkwZFhyDrrE47SOx/18wF2bbjgc3ZzCSKW1T5nt5EbFoAz/Vg==",
			"dev": true
		},
		"de-indent": {
			"version": "1.0.2",
			"resolved": "https://registry.npmjs.org/de-indent/-/de-indent-1.0.2.tgz",
			"integrity": "sha1-sgOOhG3DO6pXlhKNCAS0VbjB4h0=",
			"dev": true
		},
		"hash-sum": {
			"version": "1.0.2",
			"resolved": "https://registry.npmjs.org/hash-sum/-/hash-sum-1.0.2.tgz",
			"integrity": "sha1-M7QHd3VMZDJXPBIMw4CLvRDUfwQ=",
			"dev": true
		},
		"he": {
			"version": "1.2.0",
			"resolved": "https://registry.npmjs.org/he/-/he-1.2.0.tgz",
			"integrity": "sha512-F/1DnUGPopORZi0ni+CvrCgHQ5FyEAHRLSApuYWMmrbSwoN2Mn/7k+Gl38gJnR7yyDZk6WLXwiGod1JOWNDKGw==",
			"dev": true
		},
		"lighthouse-viewer": {
			"version": "0.1.19",
			"resolved": "https://registry.npmjs.org/lighthouse-viewer/-/lighthouse-viewer-0.1.19.tgz",
			"integrity": "sha512-Kq6B2UDf0SUEz2I/ZLyZz93exe08aJhrcYqNsuSJgYm6jko7B2PvE6k/2hHeumMTVechebelHzK21WHaKRoaPw=="
		},
		"lru-cache": {
			"version": "4.1.5",
			"resolved": "https://registry.npmjs.org/lru-cache/-/lru-cache-4.1.5.tgz",
			"integrity": "sha512-sWZlbEP2OsHNkXrMl5GYk/jKk70MBng6UU4YI/qGDYbgf6YbP4EvmqISbXCoJiRKs+1bSpFHVgQxvJ17F2li5g==",
			"dev": true,
			"requires": {
				"pseudomap": "^1.0.2",
				"yallist": "^2.1.2"
			}
		},
		"merge-source-map": {
			"version": "1.1.0",
			"resolved": "https://registry.npmjs.org/merge-source-map/-/merge-source-map-1.1.0.tgz",
			"integrity": "sha512-Qkcp7P2ygktpMPh2mCQZaf3jhN6D3Z/qVZHSdWvQ+2Ef5HgRAPBO57A77+ENm0CPx2+1Ce/MYKi3ymqdfuqibw==",
			"dev": true,
			"requires": {
				"source-map": "^0.6.1"
			}
		},
		"picocolors": {
			"version": "0.2.1",
			"resolved": "https://registry.npmjs.org/picocolors/-/picocolors-0.2.1.tgz",
			"integrity": "sha512-cMlDqaLEqfSaW8Z7N5Jw+lyIW869EzT73/F5lhtY9cLGoVxSXznfgfXMO0Z5K0o0Q2TkTXq+0KFsdnSe3jDViA==",
			"dev": true
		},
		"postcss": {
			"version": "7.0.39",
			"resolved": "https://registry.npmjs.org/postcss/-/postcss-7.0.39.tgz",
			"integrity": "sha512-yioayjNbHn6z1/Bywyb2Y4s3yvDAeXGOyxqD+LnVOinq6Mdmd++SW2wUNVzavyyHxd6+DxzWGIuosg6P1Rj8uA==",
			"dev": true,
			"requires": {
				"picocolors": "^0.2.1",
				"source-map": "^0.6.1"
			}
		},
		"postcss-selector-parser": {
			"version": "6.0.6",
			"resolved": "https://registry.npmjs.org/postcss-selector-parser/-/postcss-selector-parser-6.0.6.tgz",
			"integrity": "sha512-9LXrvaaX3+mcv5xkg5kFwqSzSH1JIObIx51PrndZwlmznwXRfxMddDvo9gve3gVR8ZTKgoFDdWkbRFmEhT4PMg==",
			"dev": true,
			"requires": {
				"cssesc": "^3.0.0",
				"util-deprecate": "^1.0.2"
			}
		},
		"prettier": {
			"version": "2.4.1",
			"resolved": "https://registry.npmjs.org/prettier/-/prettier-2.4.1.tgz",
			"integrity": "sha512-9fbDAXSBcc6Bs1mZrDYb3XKzDLm4EXXL9sC1LqKP5rZkT6KRr/rf9amVUcODVXgguK/isJz0d0hP72WeaKWsvA==",
			"dev": true,
			"optional": true
		},
		"pseudomap": {
			"version": "1.0.2",
			"resolved": "https://registry.npmjs.org/pseudomap/-/pseudomap-1.0.2.tgz",
			"integrity": "sha1-8FKijacOYYkX7wqKw0wa5aaChrM=",
			"dev": true
		},
		"source-map": {
			"version": "0.6.1",
			"resolved": "https://registry.npmjs.org/source-map/-/source-map-0.6.1.tgz",
			"integrity": "sha512-UjgapumWlbMhkBgzT7Ykc5YXUT46F0iKu8SGXq0bcwP5dz/h0Plj6enJqjz1Zbq2l5WaqYnrVbwWOWMyF3F47g==",
			"dev": true
		},
		"util-deprecate": {
			"version": "1.0.2",
			"resolved": "https://registry.npmjs.org/util-deprecate/-/util-deprecate-1.0.2.tgz",
			"integrity": "sha1-RQ1Nyfpw3nMnYvvS1KKJgUGaDM8=",
			"dev": true
		},
		"vue": {
			"version": "2.6.14",
			"resolved": "https://registry.npmjs.org/vue/-/vue-2.6.14.tgz",
			"integrity": "sha512-x2284lgYvjOMj3Za7kqzRcUSxBboHqtgRE2zlos1qWaOye5yUmHn42LB1250NJBLRwEcdrB0JRwyPTEPhfQjiQ==",
			"dev": true
		},
		"vue-hot-reload-api": {
			"version": "2.3.4",
			"resolved": "https://registry.npmjs.org/vue-hot-reload-api/-/vue-hot-reload-api-2.3.4.tgz",
			"integrity": "sha512-BXq3jwIagosjgNVae6tkHzzIk6a8MHFtzAdwhnV5VlvPTFxDCvIttgSiHWjdGoTJvXtmRu5HacExfdarRcFhog==",
			"dev": true
		},
		"vue-template-compiler": {
			"version": "2.6.14",
			"resolved": "https://registry.npmjs.org/vue-template-compiler/-/vue-template-compiler-2.6.14.tgz",
			"integrity": "sha512-ODQS1SyMbjKoO1JBJZojSw6FE4qnh9rIpUZn2EUT86FKizx9uH5z6uXiIrm4/Nb/gwxTi/o17ZDEGWAXHvtC7g==",
			"dev": true,
			"requires": {
				"de-indent": "^1.0.2",
				"he": "^1.1.0"
			}
		},
		"vue-template-es2015-compiler": {
			"version": "1.9.1",
			"resolved": "https://registry.npmjs.org/vue-template-es2015-compiler/-/vue-template-es2015-compiler-1.9.1.tgz",
			"integrity": "sha512-4gDntzrifFnCEvyoO8PqyJDmguXgVPxKiIxrBKjIowvL9l+N66196+72XVYR8BBf1Uv1Fgt3bGevJ+sEmxfZzw==",
			"dev": true
		},
		"yallist": {
			"version": "2.1.2",
			"resolved": "https://registry.npmjs.org/yallist/-/yallist-2.1.2.tgz",
			"integrity": "sha1-HBH5IY8HYImkfdUS+TxmmaaoHVI=",
			"dev": true
		}
	}
}
