{
	"name": "vue-lighthouse-viewer",
	"version": "0.0.11",
	"lockfileVersion": 1,
	"requires": true,
	"dependencies": {
		"lighthouse-viewer": {
			"version": "0.0.3",
			"resolved": "https://registry.npmjs.org/lighthouse-viewer/-/lighthouse-viewer-0.0.3.tgz",
			"integrity": "sha512-+iedHHEwp5ojTWL4zJgtODIELPksf7NyHNQM1Oq15466NkC4WBx0n4yIq+sRHtqdHldhaeS9BhxQJdGXJ82MmA=="
		},
		"vue": {
			"version": "2.6.11",
			"resolved": "https://registry.npmjs.org/vue/-/vue-2.6.11.tgz",
			"integrity": "sha512-VfPwgcGABbGAue9+sfrD4PuwFar7gPb1yl1UK1MwXoQPAw0BKSqWfoYCT/ThFrdEVWoI51dBuyCoiNU9bZDZxQ==",
			"dev": true
		}
	}
}
