{
	"name": "vue-lighthouse-viewer",
	"version": "0.0.14",
	"lockfileVersion": 1,
	"requires": true,
	"dependencies": {
		"lighthouse-viewer": {
			"version": "0.0.7",
			"resolved": "https://registry.npmjs.org/lighthouse-viewer/-/lighthouse-viewer-0.0.7.tgz",
			"integrity": "sha512-DG/CQyXyCTd3+17I2FoRKsX/W4bsi0igOFUO7EmAo97egDf/2SggoZ7Eiw/XPCL65kGP2JQnaGsIsj1Jao2uug=="
		},
		"vue": {
			"version": "2.6.11",
			"resolved": "https://registry.npmjs.org/vue/-/vue-2.6.11.tgz",
			"integrity": "sha512-VfPwgcGABbGAue9+sfrD4PuwFar7gPb1yl1UK1MwXoQPAw0BKSqWfoYCT/ThFrdEVWoI51dBuyCoiNU9bZDZxQ==",
			"dev": true
		}
	}
}
